
Microsoft Visual Studio Solution File, Format Version 12.00
# Visual Studio Version 16
VisualStudioVersion = 16.0.30611.23
MinimumVisualStudioVersion = 10.0.40219.1
Project("{FAE04EC0-301F-11D3-BF4B-00C04F79EFBC}") = "GiHubTest", "GiHubTest\GiHubTest.csproj", "{24E5B0C6-4DDD-4710-A3E1-7816326BB69A}"
EndProject
Global
	GlobalSection(SolutionConfigurationPlatforms) = preSolution
		Debug|Any CPU = Debug|Any CPU
		Release|Any CPU = Release|Any CPU
	EndGlobalSection
	GlobalSection(ProjectConfigurationPlatforms) = postSolution
		{24E5B0C6-4DDD-4710-A3E1-7816326BB69A}.Debug|Any CPU.ActiveCfg = Debug|Any CPU
		{24E5B0C6-4DDD-4710-A3E1-7816326BB69A}.Debug|Any CPU.Build.0 = Debug|Any CPU
		{24E5B0C6-4DDD-4710-A3E1-7816326BB69A}.Release|Any CPU.ActiveCfg = Release|Any CPU
		{24E5B0C6-4DDD-4710-A3E1-7816326BB69A}.Release|Any CPU.Build.0 = Release|Any CPU
	EndGlobalSection
	GlobalSection(SolutionProperties) = preSolution
		HideSolutionNode = FALSE
	EndGlobalSection
	GlobalSection(ExtensibilityGlobals) = postSolution
		SolutionGuid = {5647E449-7E54-46E7-9C41-63D12313DA59}
	EndGlobalSection
EndGlobal
